<?xml version="1.0" encoding="utf-8"?>
<Project ToolsVersion="4.0" xmlns="http://schemas.microsoft.com/developer/msbuild/2003">
  <ItemGroup>
    <Filter Include="Source Files">
      <UniqueIdentifier>{4FC737F1-C7A5-4376-A066-2A32D752A2FF}</UniqueIdentifier>
      <Extensions>cpp;c;cc;cxx;c++;cppm;ixx;def;odl;idl;hpj;bat;asm;asmx</Extensions>
    </Filter>
    <Filter Include="Header Files">
      <UniqueIdentifier>{93995380-89BD-4b04-88EB-625FBE52EBFB}</UniqueIdentifier>
      <Extensions>h;hh;hpp;hxx;h++;hm;inl;inc;ipp;xsd</Extensions>
    </Filter>
    <Filter Include="Resource Files">
      <UniqueIdentifier>{67DA6AB6-F800-4c08-8B7A-83BB121AAD01}</UniqueIdentifier>
      <Extensions>rc;ico;cur;bmp;dlg;rc2;rct;bin;rgs;gif;jpg;jpeg;jpe;resx;tiff;tif;png;wav;mfcribbon-ms</Extensions>
    </Filter>
  </ItemGroup>
  <ItemGroup>
    <ClInclude Include="codeFiles\HandlerStructs.h">
      <Filter>Header Files</Filter>
    </ClInclude>
    <ClInclude Include="codeFiles\IRequestHandler.h">
      <Filter>Header Files</Filter>
    </ClInclude>
    <ClInclude Include="codeFiles\json.hpp">
      <Filter>Header Files</Filter>
    </ClInclude>
    <ClInclude Include="codeFiles\JsonResponsePacketDeserializer.h">
      <Filter>Header Files</Filter>
    </ClInclude>
    <ClInclude Include="codeFiles\JsonResponsePacketSerializer.h">
      <Filter>Header Files</Filter>
    </ClInclude>
    <ClInclude Include="codeFiles\Server.h">
      <Filter>Header Files</Filter>
    </ClInclude>
    <ClInclude Include="codeFiles\WSAInitializer.h">
      <Filter>Header Files</Filter>
    </ClInclude>
    <ClInclude Include="codeFiles\Communicator.h">
      <Filter>Header Files</Filter>
    </ClInclude>
    <ClInclude Include="codeFiles\IDataBase.h">
      <Filter>Header Files</Filter>
    </ClInclude>
    <ClInclude Include="codeFiles\LoginManager.h">
      <Filter>Header Files</Filter>
    </ClInclude>
    <ClInclude Include="codeFiles\LoggedUser.h">
      <Filter>Header Files</Filter>
    </ClInclude>
    <ClInclude Include="codeFiles\sqlite3.h">
      <Filter>Header Files</Filter>
    </ClInclude>
    <ClInclude Include="codeFiles\SqliteDataBase.h">
      <Filter>Header Files</Filter>
    </ClInclude>
    <ClInclude Include="codeFiles\LoginRequestHandler.h">
      <Filter>Header Files</Filter>
    </ClInclude>
    <ClInclude Include="codeFiles\RequestHandlerFactory.h">
      <Filter>Header Files</Filter>
    </ClInclude>
    <ClInclude Include="codeFiles\Room.h">
      <Filter>Header Files</Filter>
    </ClInclude>
    <ClInclude Include="codeFiles\RoomManager.h">
      <Filter>Header Files</Filter>
    </ClInclude>
    <ClInclude Include="codeFiles\StatisticsManager.h">
      <Filter>Header Files</Filter>
    </ClInclude>
    <ClInclude Include="codeFiles\Question.h">
      <Filter>Header Files</Filter>
    </ClInclude>
    <ClInclude Include="codeFiles\MenuRequestHandler.h">
      <Filter>Header Files</Filter>
    </ClInclude>
    <ClInclude Include="codeFiles\RoomAdminRequestHandler.h">
      <Filter>Header Files</Filter>
    </ClInclude>
    <ClInclude Include="codeFiles\RoomMemberRequestHandler.h">
      <Filter>Header Files</Filter>
    </ClInclude>
    <ClInclude Include="codeFiles\Game.h">
      <Filter>Header Files</Filter>
    </ClInclude>
    <ClInclude Include="codeFiles\GameManager.h">
      <Filter>Header Files</Filter>
    </ClInclude>
    <ClInclude Include="codeFiles\GameRequestHandler.h">
      <Filter>Header Files</Filter>
    </ClInclude>
    <ClInclude Include="codeFiles\RoomHelper.h">
      <Filter>Header Files</Filter>
    </ClInclude>
  </ItemGroup>
  <ItemGroup>
    <ClCompile Include="codeFiles\JsonResponsePacketDeserializer.cpp">
      <Filter>Source Files</Filter>
    </ClCompile>
    <ClCompile Include="codeFiles\JsonResponsePacketSerializer.cpp">
      <Filter>Source Files</Filter>
    </ClCompile>
    <ClCompile Include="codeFiles\LoginRequestHandler.cpp">
      <Filter>Source Files</Filter>
    </ClCompile>
    <ClCompile Include="codeFiles\Server.cpp">
      <Filter>Source Files</Filter>
    </ClCompile>
    <ClCompile Include="codeFiles\WSAInitializer.cpp">
      <Filter>Source Files</Filter>
    </ClCompile>
    <ClCompile Include="codeFiles\Communicator.cpp">
      <Filter>Source Files</Filter>
    </ClCompile>
    <ClCompile Include="codeFiles\main.cpp">
      <Filter>Source Files</Filter>
    </ClCompile>
    <ClCompile Include="codeFiles\LoginManager.cpp">
      <Filter>Source Files</Filter>
    </ClCompile>
    <ClCompile Include="codeFiles\sqlite3.c">
      <Filter>Source Files</Filter>
    </ClCompile>
    <ClCompile Include="codeFiles\SqliteDataBase.cpp">
      <Filter>Source Files</Filter>
    </ClCompile>
    <ClCompile Include="codeFiles\RequestHandlerFactory.cpp">
      <Filter>Source Files</Filter>
    </ClCompile>
    <ClCompile Include="codeFiles\Room.cpp">
      <Filter>Source Files</Filter>
    </ClCompile>
    <ClCompile Include="codeFiles\RoomManager.cpp">
      <Filter>Source Files</Filter>
    </ClCompile>
    <ClCompile Include="codeFiles\StatisticsManager.cpp">
      <Filter>Source Files</Filter>
    </ClCompile>
    <ClCompile Include="codeFiles\Question.cpp">
      <Filter>Source Files</Filter>
    </ClCompile>
    <ClCompile Include="codeFiles\IRequestHandler.cpp">
      <Filter>Source Files</Filter>
    </ClCompile>
    <ClCompile Include="codeFiles\‏‏MenuRequestHandler.cpp">
      <Filter>Source Files</Filter>
    </ClCompile>
    <ClCompile Include="codeFiles\‏‏RoomAdminRequestHandler.cpp">
      <Filter>Source Files</Filter>
    </ClCompile>
    <ClCompile Include="codeFiles\‏‏‏‏RoomMemberRequestHandler.cpp">
      <Filter>Source Files</Filter>
    </ClCompile>
    <ClCompile Include="codeFiles\Game.cpp">
      <Filter>Source Files</Filter>
    </ClCompile>
    <ClCompile Include="codeFiles\GameManager.cpp">
      <Filter>Source Files</Filter>
    </ClCompile>
    <ClCompile Include="codeFiles\‏‏GameRequestHandler.cpp">
      <Filter>Source Files</Filter>
    </ClCompile>
    <ClCompile Include="codeFiles\‏‏RoomHelper.cpp">
      <Filter>Source Files</Filter>
    </ClCompile>
  </ItemGroup>
</Project>